// !$*UTF8*$!
{
	archiveVersion = 1;
	classes = {
	};
	objectVersion = 46;
	objects = {

/* Begin PBXBuildFile section */
		DC8371F81E27DCF50094DA4F /* main.m in Sources */ = {isa = PBXBuildFile; fileRef = DC8371F71E27DCF50094DA4F /* main.m */; };
		DC8371FB1E27DCF50094DA4F /* AppDelegate.m in Sources */ = {isa = PBXBuildFile; fileRef = DC8371FA1E27DCF50094DA4F /* AppDelegate.m */; };
		DC8372011E27DCF50094DA4F /* Main.storyboard in Resources */ = {isa = PBXBuildFile; fileRef = DC8371FF1E27DCF50094DA4F /* Main.storyboard */; };
		DC8372031E27DCF50094DA4F /* Assets.xcassets in Resources */ = {isa = PBXBuildFile; fileRef = DC8372021E27DCF50094DA4F /* Assets.xcassets */; };
		DC8372061E27DCF50094DA4F /* LaunchScreen.storyboard in Resources */ = {isa = PBXBuildFile; fileRef = DC8372041E27DCF50094DA4F /* LaunchScreen.storyboard */; };
		DC8372111E27DCF50094DA4F /* CodingChallengeTests.m in Sources */ = {isa = PBXBuildFile; fileRef = DC8372101E27DCF50094DA4F /* CodingChallengeTests.m */; };
		DC83721C1E27DCF50094DA4F /* CodingChallengeUITests.m in Sources */ = {isa = PBXBuildFile; fileRef = DC83721B1E27DCF50094DA4F /* CodingChallengeUITests.m */; };
		DC8372421E27ECC10094DA4F /* TrackDetails.m in Sources */ = {isa = PBXBuildFile; fileRef = DC8372411E27ECC10094DA4F /* TrackDetails.m */; };
		DC8372431E27ECC10094DA4F /* TrackDetails.m in Sources */ = {isa = PBXBuildFile; fileRef = DC8372411E27ECC10094DA4F /* TrackDetails.m */; };
		DC8372441E27ECC10094DA4F /* TrackDetails.m in Sources */ = {isa = PBXBuildFile; fileRef = DC8372411E27ECC10094DA4F /* TrackDetails.m */; };
		DC8372471E27ED790094DA4F /* LyricsDetails.m in Sources */ = {isa = PBXBuildFile; fileRef = DC8372461E27ED790094DA4F /* LyricsDetails.m */; };
		DC8372481E27ED790094DA4F /* LyricsDetails.m in Sources */ = {isa = PBXBuildFile; fileRef = DC8372461E27ED790094DA4F /* LyricsDetails.m */; };
		DC8372491E27ED790094DA4F /* LyricsDetails.m in Sources */ = {isa = PBXBuildFile; fileRef = DC8372461E27ED790094DA4F /* LyricsDetails.m */; };
		DC83724C1E27EFB30094DA4F /* ConstantStrings.m in Sources */ = {isa = PBXBuildFile; fileRef = DC83724B1E27EFB30094DA4F /* ConstantStrings.m */; };
		DC83724D1E27EFB30094DA4F /* ConstantStrings.m in Sources */ = {isa = PBXBuildFile; fileRef = DC83724B1E27EFB30094DA4F /* ConstantStrings.m */; };
		DC83724E1E27EFB30094DA4F /* ConstantStrings.m in Sources */ = {isa = PBXBuildFile; fileRef = DC83724B1E27EFB30094DA4F /* ConstantStrings.m */; };
		DC8372521E27F1E60094DA4F /* LyricsViewController.m in Sources */ = {isa = PBXBuildFile; fileRef = DC8372501E27F1E60094DA4F /* LyricsViewController.m */; };
		DC8372531E27F1E60094DA4F /* LyricsViewController.m in Sources */ = {isa = PBXBuildFile; fileRef = DC8372501E27F1E60094DA4F /* LyricsViewController.m */; };
		DC8372541E27F1E60094DA4F /* LyricsViewController.m in Sources */ = {isa = PBXBuildFile; fileRef = DC8372501E27F1E60094DA4F /* LyricsViewController.m */; };
		DC83725A1E27F30F0094DA4F /* CommonMethods.m in Sources */ = {isa = PBXBuildFile; fileRef = DC8372591E27F30F0094DA4F /* CommonMethods.m */; };
		DC83725B1E27F30F0094DA4F /* CommonMethods.m in Sources */ = {isa = PBXBuildFile; fileRef = DC8372591E27F30F0094DA4F /* CommonMethods.m */; };
		DC83725C1E27F30F0094DA4F /* CommonMethods.m in Sources */ = {isa = PBXBuildFile; fileRef = DC8372591E27F30F0094DA4F /* CommonMethods.m */; };
		DC83725F1E27F79C0094DA4F /* ParseJSON.m in Sources */ = {isa = PBXBuildFile; fileRef = DC83725E1E27F79C0094DA4F /* ParseJSON.m */; };
		DC8372601E27F79C0094DA4F /* ParseJSON.m in Sources */ = {isa = PBXBuildFile; fileRef = DC83725E1E27F79C0094DA4F /* ParseJSON.m */; };
		DC8372611E27F79C0094DA4F /* ParseJSON.m in Sources */ = {isa = PBXBuildFile; fileRef = DC83725E1E27F79C0094DA4F /* ParseJSON.m */; };
		DC8372641E27F80B0094DA4F /* Singleton.m in Sources */ = {isa = PBXBuildFile; fileRef = DC8372631E27F80B0094DA4F /* Singleton.m */; };
		DC8372651E27F80B0094DA4F /* Singleton.m in Sources */ = {isa = PBXBuildFile; fileRef = DC8372631E27F80B0094DA4F /* Singleton.m */; };
		DC8372661E27F80B0094DA4F /* Singleton.m in Sources */ = {isa = PBXBuildFile; fileRef = DC8372631E27F80B0094DA4F /* Singleton.m */; };
		DC8372691E2823530094DA4F /* SearchTableViewController.m in Sources */ = {isa = PBXBuildFile; fileRef = DC8372681E2823520094DA4F /* SearchTableViewController.m */; };
		DC83726A1E2823530094DA4F /* SearchTableViewController.m in Sources */ = {isa = PBXBuildFile; fileRef = DC8372681E2823520094DA4F /* SearchTableViewController.m */; };
		DC83726B1E2823530094DA4F /* SearchTableViewController.m in Sources */ = {isa = PBXBuildFile; fileRef = DC8372681E2823520094DA4F /* SearchTableViewController.m */; };
		DC83726E1E2826210094DA4F /* TrackDCell.m in Sources */ = {isa = PBXBuildFile; fileRef = DC83726D1E2826210094DA4F /* TrackDCell.m */; };
		DC83726F1E2826210094DA4F /* TrackDCell.m in Sources */ = {isa = PBXBuildFile; fileRef = DC83726D1E2826210094DA4F /* TrackDCell.m */; };
		DC8372701E2826210094DA4F /* TrackDCell.m in Sources */ = {isa = PBXBuildFile; fileRef = DC83726D1E2826210094DA4F /* TrackDCell.m */; };
		DCEC14F81E288EB500E7CD53 /* Main.storyboard in Resources */ = {isa = PBXBuildFile; fileRef = DC8371FF1E27DCF50094DA4F /* Main.storyboard */; };
		DCEC14F91E288EB600E7CD53 /* Main.storyboard in Resources */ = {isa = PBXBuildFile; fileRef = DC8371FF1E27DCF50094DA4F /* Main.storyboard */; };
/* End PBXBuildFile section */

/* Begin PBXContainerItemProxy section */
		DC83720D1E27DCF50094DA4F /* PBXContainerItemProxy */ = {
			isa = PBXContainerItemProxy;
			containerPortal = DC8371EB1E27DCF50094DA4F /* Project object */;
			proxyType = 1;
			remoteGlobalIDString = DC8371F21E27DCF50094DA4F;
			remoteInfo = CodingChallenge;
		};
		DC8372181E27DCF50094DA4F /* PBXContainerItemProxy */ = {
			isa = PBXContainerItemProxy;
			containerPortal = DC8371EB1E27DCF50094DA4F /* Project object */;
			proxyType = 1;
			remoteGlobalIDString = DC8371F21E27DCF50094DA4F;
			remoteInfo = CodingChallenge;
		};
/* End PBXContainerItemProxy section */

/* Begin PBXFileReference section */
		DC8371F31E27DCF50094DA4F /* CodingChallenge.app */ = {isa = PBXFileReference; explicitFileType = wrapper.application; includeInIndex = 0; path = CodingChallenge.app; sourceTree = BUILT_PRODUCTS_DIR; };
		DC8371F71E27DCF50094DA4F /* main.m */ = {isa = PBXFileReference; lastKnownFileType = sourcecode.c.objc; path = main.m; sourceTree = "<group>"; };
		DC8371F91E27DCF50094DA4F /* AppDelegate.h */ = {isa = PBXFileReference; lastKnownFileType = sourcecode.c.h; path = AppDelegate.h; sourceTree = "<group>"; };
		DC8371FA1E27DCF50094DA4F /* AppDelegate.m */ = {isa = PBXFileReference; lastKnownFileType = sourcecode.c.objc; path = AppDelegate.m; sourceTree = "<group>"; };
		DC8372001E27DCF50094DA4F /* Base */ = {isa = PBXFileReference; lastKnownFileType = file.storyboard; name = Base; path = Base.lproj/Main.storyboard; sourceTree = "<group>"; };
		DC8372021E27DCF50094DA4F /* Assets.xcassets */ = {isa = PBXFileReference; lastKnownFileType = folder.assetcatalog; path = Assets.xcassets; sourceTree = "<group>"; };
		DC8372051E27DCF50094DA4F /* Base */ = {isa = PBXFileReference; lastKnownFileType = file.storyboard; name = Base; path = Base.lproj/LaunchScreen.storyboard; sourceTree = "<group>"; };
		DC8372071E27DCF50094DA4F /* Info.plist */ = {isa = PBXFileReference; lastKnownFileType = text.plist.xml; path = Info.plist; sourceTree = "<group>"; };
		DC83720C1E27DCF50094DA4F /* CodingChallengeTests.xctest */ = {isa = PBXFileReference; explicitFileType = wrapper.cfbundle; includeInIndex = 0; path = CodingChallengeTests.xctest; sourceTree = BUILT_PRODUCTS_DIR; };
		DC8372101E27DCF50094DA4F /* CodingChallengeTests.m */ = {isa = PBXFileReference; lastKnownFileType = sourcecode.c.objc; path = CodingChallengeTests.m; sourceTree = "<group>"; };
		DC8372121E27DCF50094DA4F /* Info.plist */ = {isa = PBXFileReference; lastKnownFileType = text.plist.xml; path = Info.plist; sourceTree = "<group>"; };
		DC8372171E27DCF50094DA4F /* CodingChallengeUITests.xctest */ = {isa = PBXFileReference; explicitFileType = wrapper.cfbundle; includeInIndex = 0; path = CodingChallengeUITests.xctest; sourceTree = BUILT_PRODUCTS_DIR; };
		DC83721B1E27DCF50094DA4F /* CodingChallengeUITests.m */ = {isa = PBXFileReference; lastKnownFileType = sourcecode.c.objc; path = CodingChallengeUITests.m; sourceTree = "<group>"; };
		DC83721D1E27DCF50094DA4F /* Info.plist */ = {isa = PBXFileReference; lastKnownFileType = text.plist.xml; path = Info.plist; sourceTree = "<group>"; };
		DC8372401E27ECC10094DA4F /* TrackDetails.h */ = {isa = PBXFileReference; fileEncoding = 4; lastKnownFileType = sourcecode.c.h; path = TrackDetails.h; sourceTree = "<group>"; };
		DC8372411E27ECC10094DA4F /* TrackDetails.m */ = {isa = PBXFileReference; fileEncoding = 4; lastKnownFileType = sourcecode.c.objc; path = TrackDetails.m; sourceTree = "<group>"; };
		DC8372451E27ED790094DA4F /* LyricsDetails.h */ = {isa = PBXFileReference; fileEncoding = 4; lastKnownFileType = sourcecode.c.h; path = LyricsDetails.h; sourceTree = "<group>"; };
		DC8372461E27ED790094DA4F /* LyricsDetails.m */ = {isa = PBXFileReference; fileEncoding = 4; lastKnownFileType = sourcecode.c.objc; path = LyricsDetails.m; sourceTree = "<group>"; };
		DC83724A1E27EFB30094DA4F /* ConstantStrings.h */ = {isa = PBXFileReference; fileEncoding = 4; lastKnownFileType = sourcecode.c.h; path = ConstantStrings.h; sourceTree = "<group>"; };
		DC83724B1E27EFB30094DA4F /* ConstantStrings.m */ = {isa = PBXFileReference; fileEncoding = 4; lastKnownFileType = sourcecode.c.objc; path = ConstantStrings.m; sourceTree = "<group>"; };
		DC83724F1E27F1E60094DA4F /* LyricsViewController.h */ = {isa = PBXFileReference; fileEncoding = 4; lastKnownFileType = sourcecode.c.h; path = LyricsViewController.h; sourceTree = "<group>"; };
		DC8372501E27F1E60094DA4F /* LyricsViewController.m */ = {isa = PBXFileReference; fileEncoding = 4; lastKnownFileType = sourcecode.c.objc; path = LyricsViewController.m; sourceTree = "<group>"; };
		DC8372581E27F30F0094DA4F /* CommonMethods.h */ = {isa = PBXFileReference; fileEncoding = 4; lastKnownFileType = sourcecode.c.h; path = CommonMethods.h; sourceTree = "<group>"; };
		DC8372591E27F30F0094DA4F /* CommonMethods.m */ = {isa = PBXFileReference; fileEncoding = 4; lastKnownFileType = sourcecode.c.objc; path = CommonMethods.m; sourceTree = "<group>"; };
		DC83725D1E27F79C0094DA4F /* ParseJSON.h */ = {isa = PBXFileReference; fileEncoding = 4; lastKnownFileType = sourcecode.c.h; path = ParseJSON.h; sourceTree = "<group>"; };
		DC83725E1E27F79C0094DA4F /* ParseJSON.m */ = {isa = PBXFileReference; fileEncoding = 4; lastKnownFileType = sourcecode.c.objc; path = ParseJSON.m; sourceTree = "<group>"; };
		DC8372621E27F80B0094DA4F /* Singleton.h */ = {isa = PBXFileReference; fileEncoding = 4; lastKnownFileType = sourcecode.c.h; name = Singleton.h; path = ../Network/Singleton.h; sourceTree = "<group>"; };
		DC8372631E27F80B0094DA4F /* Singleton.m */ = {isa = PBXFileReference; fileEncoding = 4; lastKnownFileType = sourcecode.c.objc; name = Singleton.m; path = ../Network/Singleton.m; sourceTree = "<group>"; };
		DC8372671E2823520094DA4F /* SearchTableViewController.h */ = {isa = PBXFileReference; fileEncoding = 4; lastKnownFileType = sourcecode.c.h; path = SearchTableViewController.h; sourceTree = "<group>"; };
		DC8372681E2823520094DA4F /* SearchTableViewController.m */ = {isa = PBXFileReference; fileEncoding = 4; lastKnownFileType = sourcecode.c.objc; path = SearchTableViewController.m; sourceTree = "<group>"; };
		DC83726C1E2826210094DA4F /* TrackDCell.h */ = {isa = PBXFileReference; fileEncoding = 4; lastKnownFileType = sourcecode.c.h; path = TrackDCell.h; sourceTree = "<group>"; };
		DC83726D1E2826210094DA4F /* TrackDCell.m */ = {isa = PBXFileReference; fileEncoding = 4; lastKnownFileType = sourcecode.c.objc; path = TrackDCell.m; sourceTree = "<group>"; };
/* End PBXFileReference section */

/* Begin PBXFrameworksBuildPhase section */
		DC8371F01E27DCF50094DA4F /* Frameworks */ = {
			isa = PBXFrameworksBuildPhase;
			buildActionMask = 2147483647;
			files = (
			);
			runOnlyForDeploymentPostprocessing = 0;
		};
		DC8372091E27DCF50094DA4F /* Frameworks */ = {
			isa = PBXFrameworksBuildPhase;
			buildActionMask = 2147483647;
			files = (
			);
			runOnlyForDeploymentPostprocessing = 0;
		};
		DC8372141E27DCF50094DA4F /* Frameworks */ = {
			isa = PBXFrameworksBuildPhase;
			buildActionMask = 2147483647;
			files = (
			);
			runOnlyForDeploymentPostprocessing = 0;
		};
/* End PBXFrameworksBuildPhase section */

/* Begin PBXGroup section */
		DC8371EA1E27DCF40094DA4F = {
			isa = PBXGroup;
			children = (
				DC8371F51E27DCF50094DA4F /* CodingChallenge */,
				DC83720F1E27DCF50094DA4F /* CodingChallengeTests */,
				DC83721A1E27DCF50094DA4F /* CodingChallengeUITests */,
				DC8371F41E27DCF50094DA4F /* Products */,
			);
			sourceTree = "<group>";
		};
		DC8371F41E27DCF50094DA4F /* Products */ = {
			isa = PBXGroup;
			children = (
				DC8371F31E27DCF50094DA4F /* CodingChallenge.app */,
				DC83720C1E27DCF50094DA4F /* CodingChallengeTests.xctest */,
				DC8372171E27DCF50094DA4F /* CodingChallengeUITests.xctest */,
			);
			name = Products;
			sourceTree = "<group>";
		};
		DC8371F51E27DCF50094DA4F /* CodingChallenge */ = {
			isa = PBXGroup;
			children = (
				DC83722C1E27DE6A0094DA4F /* Utility */,
				DC83722B1E27DE5C0094DA4F /* Model */,
				DC83722A1E27DE520094DA4F /* Network */,
				DC8372291E27DE4A0094DA4F /* Controllers */,
				DC8371F91E27DCF50094DA4F /* AppDelegate.h */,
				DC8371FA1E27DCF50094DA4F /* AppDelegate.m */,
				DC8371FF1E27DCF50094DA4F /* Main.storyboard */,
				DC8372021E27DCF50094DA4F /* Assets.xcassets */,
				DC8372041E27DCF50094DA4F /* LaunchScreen.storyboard */,
				DC8372071E27DCF50094DA4F /* Info.plist */,
				DC8371F61E27DCF50094DA4F /* Supporting Files */,
			);
			path = CodingChallenge;
			sourceTree = "<group>";
		};
		DC8371F61E27DCF50094DA4F /* Supporting Files */ = {
			isa = PBXGroup;
			children = (
				DC8371F71E27DCF50094DA4F /* main.m */,
			);
			name = "Supporting Files";
			sourceTree = "<group>";
		};
		DC83720F1E27DCF50094DA4F /* CodingChallengeTests */ = {
			isa = PBXGroup;
			children = (
				DC8372101E27DCF50094DA4F /* CodingChallengeTests.m */,
				DC8372121E27DCF50094DA4F /* Info.plist */,
			);
			path = CodingChallengeTests;
			sourceTree = "<group>";
		};
		DC83721A1E27DCF50094DA4F /* CodingChallengeUITests */ = {
			isa = PBXGroup;
			children = (
				DC83721B1E27DCF50094DA4F /* CodingChallengeUITests.m */,
				DC83721D1E27DCF50094DA4F /* Info.plist */,
			);
			path = CodingChallengeUITests;
			sourceTree = "<group>";
		};
		DC8372291E27DE4A0094DA4F /* Controllers */ = {
			isa = PBXGroup;
			children = (
				DC8372361E27E7B60094DA4F /* Cells */,
				DC83724F1E27F1E60094DA4F /* LyricsViewController.h */,
				DC8372501E27F1E60094DA4F /* LyricsViewController.m */,
				DC8372671E2823520094DA4F /* SearchTableViewController.h */,
				DC8372681E2823520094DA4F /* SearchTableViewController.m */,
			);
			path = Controllers;
			sourceTree = "<group>";
		};
		DC83722A1E27DE520094DA4F /* Network */ = {
			isa = PBXGroup;
			children = (
				DC83725D1E27F79C0094DA4F /* ParseJSON.h */,
				DC83725E1E27F79C0094DA4F /* ParseJSON.m */,
			);
			path = Network;
			sourceTree = "<group>";
		};
		DC83722B1E27DE5C0094DA4F /* Model */ = {
			isa = PBXGroup;
			children = (
				DC8372401E27ECC10094DA4F /* TrackDetails.h */,
				DC8372411E27ECC10094DA4F /* TrackDetails.m */,
				DC8372451E27ED790094DA4F /* LyricsDetails.h */,
				DC8372461E27ED790094DA4F /* LyricsDetails.m */,
			);
			path = Model;
			sourceTree = "<group>";
		};
		DC83722C1E27DE6A0094DA4F /* Utility */ = {
			isa = PBXGroup;
			children = (
				DC8372621E27F80B0094DA4F /* Singleton.h */,
				DC8372631E27F80B0094DA4F /* Singleton.m */,
				DC83724A1E27EFB30094DA4F /* ConstantStrings.h */,
				DC83724B1E27EFB30094DA4F /* ConstantStrings.m */,
				DC8372581E27F30F0094DA4F /* CommonMethods.h */,
				DC8372591E27F30F0094DA4F /* CommonMethods.m */,
			);
			path = Utility;
			sourceTree = "<group>";
		};
		DC8372361E27E7B60094DA4F /* Cells */ = {
			isa = PBXGroup;
			children = (
				DC83726C1E2826210094DA4F /* TrackDCell.h */,
				DC83726D1E2826210094DA4F /* TrackDCell.m */,
			);
			path = Cells;
			sourceTree = "<group>";
		};
/* End PBXGroup section */

/* Begin PBXNativeTarget section */
		DC8371F21E27DCF50094DA4F /* CodingChallenge */ = {
			isa = PBXNativeTarget;
			buildConfigurationList = DC8372201E27DCF50094DA4F /* Build configuration list for PBXNativeTarget "CodingChallenge" */;
			buildPhases = (
				DC8371EF1E27DCF50094DA4F /* Sources */,
				DC8371F01E27DCF50094DA4F /* Frameworks */,
				DC8371F11E27DCF50094DA4F /* Resources */,
			);
			buildRules = (
			);
			dependencies = (
			);
			name = CodingChallenge;
			productName = CodingChallenge;
			productReference = DC8371F31E27DCF50094DA4F /* CodingChallenge.app */;
			productType = "com.apple.product-type.application";
		};
		DC83720B1E27DCF50094DA4F /* CodingChallengeTests */ = {
			isa = PBXNativeTarget;
			buildConfigurationList = DC8372231E27DCF50094DA4F /* Build configuration list for PBXNativeTarget "CodingChallengeTests" */;
			buildPhases = (
				DC8372081E27DCF50094DA4F /* Sources */,
				DC8372091E27DCF50094DA4F /* Frameworks */,
				DC83720A1E27DCF50094DA4F /* Resources */,
			);
			buildRules = (
			);
			dependencies = (
				DC83720E1E27DCF50094DA4F /* PBXTargetDependency */,
			);
			name = CodingChallengeTests;
			productName = CodingChallengeTests;
			productReference = DC83720C1E27DCF50094DA4F /* CodingChallengeTests.xctest */;
			productType = "com.apple.product-type.bundle.unit-test";
		};
		DC8372161E27DCF50094DA4F /* CodingChallengeUITests */ = {
			isa = PBXNativeTarget;
			buildConfigurationList = DC8372261E27DCF50094DA4F /* Build configuration list for PBXNativeTarget "CodingChallengeUITests" */;
			buildPhases = (
				DC8372131E27DCF50094DA4F /* Sources */,
				DC8372141E27DCF50094DA4F /* Frameworks */,
				DC8372151E27DCF50094DA4F /* Resources */,
			);
			buildRules = (
			);
			dependencies = (
				DC8372191E27DCF50094DA4F /* PBXTargetDependency */,
			);
			name = CodingChallengeUITests;
			productName = CodingChallengeUITests;
			productReference = DC8372171E27DCF50094DA4F /* CodingChallengeUITests.xctest */;
			productType = "com.apple.product-type.bundle.ui-testing";
		};
/* End PBXNativeTarget section */

/* Begin PBXProject section */
		DC8371EB1E27DCF50094DA4F /* Project object */ = {
			isa = PBXProject;
			attributes = {
				LastUpgradeCheck = 0820;
				ORGANIZATIONNAME = VirtusaPolaris;
				TargetAttributes = {
					DC8371F21E27DCF50094DA4F = {
						CreatedOnToolsVersion = 8.2;
						ProvisioningStyle = Automatic;
					};
					DC83720B1E27DCF50094DA4F = {
						CreatedOnToolsVersion = 8.2;
						ProvisioningStyle = Automatic;
						TestTargetID = DC8371F21E27DCF50094DA4F;
					};
					DC8372161E27DCF50094DA4F = {
						CreatedOnToolsVersion = 8.2;
						ProvisioningStyle = Automatic;
						TestTargetID = DC8371F21E27DCF50094DA4F;
					};
				};
			};
			buildConfigurationList = DC8371EE1E27DCF50094DA4F /* Build configuration list for PBXProject "CodingChallenge" */;
			compatibilityVersion = "Xcode 3.2";
			developmentRegion = English;
			hasScannedForEncodings = 0;
			knownRegions = (
				en,
				Base,
			);
			mainGroup = DC8371EA1E27DCF40094DA4F;
			productRefGroup = DC8371F41E27DCF50094DA4F /* Products */;
			projectDirPath = "";
			projectRoot = "";
			targets = (
				DC8371F21E27DCF50094DA4F /* CodingChallenge */,
				DC83720B1E27DCF50094DA4F /* CodingChallengeTests */,
				DC8372161E27DCF50094DA4F /* CodingChallengeUITests */,
			);
		};
/* End PBXProject section */

/* Begin PBXResourcesBuildPhase section */
		DC8371F11E27DCF50094DA4F /* Resources */ = {
			isa = PBXResourcesBuildPhase;
			buildActionMask = 2147483647;
			files = (
				DC8372061E27DCF50094DA4F /* LaunchScreen.storyboard in Resources */,
				DC8372031E27DCF50094DA4F /* Assets.xcassets in Resources */,
				DC8372011E27DCF50094DA4F /* Main.storyboard in Resources */,
			);
			runOnlyForDeploymentPostprocessing = 0;
		};
		DC83720A1E27DCF50094DA4F /* Resources */ = {
			isa = PBXResourcesBuildPhase;
			buildActionMask = 2147483647;
			files = (
				DCEC14F91E288EB600E7CD53 /* Main.storyboard in Resources */,
			);
			runOnlyForDeploymentPostprocessing = 0;
		};
		DC8372151E27DCF50094DA4F /* Resources */ = {
			isa = PBXResourcesBuildPhase;
			buildActionMask = 2147483647;
			files = (
				DCEC14F81E288EB500E7CD53 /* Main.storyboard in Resources */,
			);
			runOnlyForDeploymentPostprocessing = 0;
		};
/* End PBXResourcesBuildPhase section */

/* Begin PBXSourcesBuildPhase section */
		DC8371EF1E27DCF50094DA4F /* Sources */ = {
			isa = PBXSourcesBuildPhase;
			buildActionMask = 2147483647;
			files = (
				DC8372471E27ED790094DA4F /* LyricsDetails.m in Sources */,
				DC83725A1E27F30F0094DA4F /* CommonMethods.m in Sources */,
				DC8372691E2823530094DA4F /* SearchTableViewController.m in Sources */,
				DC8371FB1E27DCF50094DA4F /* AppDelegate.m in Sources */,
				DC8372421E27ECC10094DA4F /* TrackDetails.m in Sources */,
				DC83726E1E2826210094DA4F /* TrackDCell.m in Sources */,
				DC83724C1E27EFB30094DA4F /* ConstantStrings.m in Sources */,
				DC8371F81E27DCF50094DA4F /* main.m in Sources */,
				DC8372521E27F1E60094DA4F /* LyricsViewController.m in Sources */,
				DC8372641E27F80B0094DA4F /* Singleton.m in Sources */,
				DC83725F1E27F79C0094DA4F /* ParseJSON.m in Sources */,
			);
			runOnlyForDeploymentPostprocessing = 0;
		};
		DC8372081E27DCF50094DA4F /* Sources */ = {
			isa = PBXSourcesBuildPhase;
			buildActionMask = 2147483647;
			files = (
				DC8372431E27ECC10094DA4F /* TrackDetails.m in Sources */,
				DC83725B1E27F30F0094DA4F /* CommonMethods.m in Sources */,
				DC8372111E27DCF50094DA4F /* CodingChallengeTests.m in Sources */,
				DC83726A1E2823530094DA4F /* SearchTableViewController.m in Sources */,
				DC8372601E27F79C0094DA4F /* ParseJSON.m in Sources */,
				DC83724D1E27EFB30094DA4F /* ConstantStrings.m in Sources */,
				DC8372481E27ED790094DA4F /* LyricsDetails.m in Sources */,
				DC8372651E27F80B0094DA4F /* Singleton.m in Sources */,
				DC8372531E27F1E60094DA4F /* LyricsViewController.m in Sources */,
				DC83726F1E2826210094DA4F /* TrackDCell.m in Sources */,
			);
			runOnlyForDeploymentPostprocessing = 0;
		};
		DC8372131E27DCF50094DA4F /* Sources */ = {
			isa = PBXSourcesBuildPhase;
			buildActionMask = 2147483647;
			files = (
				DC8372441E27ECC10094DA4F /* TrackDetails.m in Sources */,
				DC83725C1E27F30F0094DA4F /* CommonMethods.m in Sources */,
				DC83721C1E27DCF50094DA4F /* CodingChallengeUITests.m in Sources */,
				DC83726B1E2823530094DA4F /* SearchTableViewController.m in Sources */,
				DC8372611E27F79C0094DA4F /* ParseJSON.m in Sources */,
				DC83724E1E27EFB30094DA4F /* ConstantStrings.m in Sources */,
				DC8372491E27ED790094DA4F /* LyricsDetails.m in Sources */,
				DC8372661E27F80B0094DA4F /* Singleton.m in Sources */,
				DC8372541E27F1E60094DA4F /* LyricsViewController.m in Sources */,
				DC8372701E2826210094DA4F /* TrackDCell.m in Sources */,
			);
			runOnlyForDeploymentPostprocessing = 0;
		};
/* End PBXSourcesBuildPhase section */

/* Begin PBXTargetDependency section */
		DC83720E1E27DCF50094DA4F /* PBXTargetDependency */ = {
			isa = PBXTargetDependency;
			target = DC8371F21E27DCF50094DA4F /* CodingChallenge */;
			targetProxy = DC83720D1E27DCF50094DA4F /* PBXContainerItemProxy */;
		};
		DC8372191E27DCF50094DA4F /* PBXTargetDependency */ = {
			isa = PBXTargetDependency;
			target = DC8371F21E27DCF50094DA4F /* CodingChallenge */;
			targetProxy = DC8372181E27DCF50094DA4F /* PBXContainerItemProxy */;
		};
/* End PBXTargetDependency section */

/* Begin PBXVariantGroup section */
		DC8371FF1E27DCF50094DA4F /* Main.storyboard */ = {
			isa = PBXVariantGroup;
			children = (
				DC8372001E27DCF50094DA4F /* Base */,
			);
			name = Main.storyboard;
			sourceTree = "<group>";
		};
		DC8372041E27DCF50094DA4F /* LaunchScreen.storyboard */ = {
			isa = PBXVariantGroup;
			children = (
				DC8372051E27DCF50094DA4F /* Base */,
			);
			name = LaunchScreen.storyboard;
			sourceTree = "<group>";
		};
/* End PBXVariantGroup section */

/* Begin XCBuildConfiguration section */
		DC83721E1E27DCF50094DA4F /* Debug */ = {
			isa = XCBuildConfiguration;
			buildSettings = {
				ALWAYS_SEARCH_USER_PATHS = NO;
				CLANG_ANALYZER_NONNULL = YES;
				CLANG_CXX_LANGUAGE_STANDARD = "gnu++0x";
				CLANG_CXX_LIBRARY = "libc++";
				CLANG_ENABLE_MODULES = YES;
				CLANG_ENABLE_OBJC_ARC = YES;
				CLANG_WARN_BOOL_CONVERSION = YES;
				CLANG_WARN_CONSTANT_CONVERSION = YES;
				CLANG_WARN_DIRECT_OBJC_ISA_USAGE = YES_ERROR;
				CLANG_WARN_DOCUMENTATION_COMMENTS = YES;
				CLANG_WARN_EMPTY_BODY = YES;
				CLANG_WARN_ENUM_CONVERSION = YES;
				CLANG_WARN_INFINITE_RECURSION = YES;
				CLANG_WARN_INT_CONVERSION = YES;
				CLANG_WARN_OBJC_ROOT_CLASS = YES_ERROR;
				CLANG_WARN_SUSPICIOUS_MOVE = YES;
				CLANG_WARN_UNREACHABLE_CODE = YES;
				CLANG_WARN__DUPLICATE_METHOD_MATCH = YES;
				"CODE_SIGN_IDENTITY[sdk=iphoneos*]" = "iPhone Developer";
				COPY_PHASE_STRIP = NO;
				DEBUG_INFORMATION_FORMAT = dwarf;
				ENABLE_STRICT_OBJC_MSGSEND = YES;
				ENABLE_TESTABILITY = YES;
				GCC_C_LANGUAGE_STANDARD = gnu99;
				GCC_DYNAMIC_NO_PIC = NO;
				GCC_NO_COMMON_BLOCKS = YES;
				GCC_OPTIMIZATION_LEVEL = 0;
				GCC_PREPROCESSOR_DEFINITIONS = (
					"DEBUG=1",
					"$(inherited)",
				);
				GCC_WARN_64_TO_32_BIT_CONVERSION = YES;
				GCC_WARN_ABOUT_RETURN_TYPE = YES_ERROR;
				GCC_WARN_UNDECLARED_SELECTOR = YES;
				GCC_WARN_UNINITIALIZED_AUTOS = YES_AGGRESSIVE;
				GCC_WARN_UNUSED_FUNCTION = YES;
				GCC_WARN_UNUSED_VARIABLE = YES;
				IPHONEOS_DEPLOYMENT_TARGET = 10.2;
				MTL_ENABLE_DEBUG_INFO = YES;
				ONLY_ACTIVE_ARCH = YES;
				SDKROOT = iphoneos;
				TARGETED_DEVICE_FAMILY = "1,2";
			};
			name = Debug;
		};
		DC83721F1E27DCF50094DA4F /* Release */ = {
			isa = XCBuildConfiguration;
			buildSettings = {
				ALWAYS_SEARCH_USER_PATHS = NO;
				CLANG_ANALYZER_NONNULL = YES;
				CLANG_CXX_LANGUAGE_STANDARD = "gnu++0x";
				CLANG_CXX_LIBRARY = "libc++";
				CLANG_ENABLE_MODULES = YES;
				CLANG_ENABLE_OBJC_ARC = YES;
				CLANG_WARN_BOOL_CONVERSION = YES;
				CLANG_WARN_CONSTANT_CONVERSION = YES;
				CLANG_WARN_DIRECT_OBJC_ISA_USAGE = YES_ERROR;
				CLANG_WARN_DOCUMENTATION_COMMENTS = YES;
				CLANG_WARN_EMPTY_BODY = YES;
				CLANG_WARN_ENUM_CONVERSION = YES;
				CLANG_WARN_INFINITE_RECURSION = YES;
				CLANG_WARN_INT_CONVERSION = YES;
				CLANG_WARN_OBJC_ROOT_CLASS = YES_ERROR;
				CLANG_WARN_SUSPICIOUS_MOVE = YES;
				CLANG_WARN_UNREACHABLE_CODE = YES;
				CLANG_WARN__DUPLICATE_METHOD_MATCH = YES;
				"CODE_SIGN_IDENTITY[sdk=iphoneos*]" = "iPhone Developer";
				COPY_PHASE_STRIP = NO;
				DEBUG_INFORMATION_FORMAT = "dwarf-with-dsym";
				ENABLE_NS_ASSERTIONS = NO;
				ENABLE_STRICT_OBJC_MSGSEND = YES;
				GCC_C_LANGUAGE_STANDARD = gnu99;
				GCC_NO_COMMON_BLOCKS = YES;
				GCC_WARN_64_TO_32_BIT_CONVERSION = YES;
				GCC_WARN_ABOUT_RETURN_TYPE = YES_ERROR;
				GCC_WARN_UNDECLARED_SELECTOR = YES;
				GCC_WARN_UNINITIALIZED_AUTOS = YES_AGGRESSIVE;
				GCC_WARN_UNUSED_FUNCTION = YES;
				GCC_WARN_UNUSED_VARIABLE = YES;
				IPHONEOS_DEPLOYMENT_TARGET = 10.2;
				MTL_ENABLE_DEBUG_INFO = NO;
				SDKROOT = iphoneos;
				TARGETED_DEVICE_FAMILY = "1,2";
				VALIDATE_PRODUCT = YES;
			};
			name = Release;
		};
		DC8372211E27DCF50094DA4F /* Debug */ = {
			isa = XCBuildConfiguration;
			buildSettings = {
				ASSETCATALOG_COMPILER_APPICON_NAME = AppIcon;
				INFOPLIST_FILE = CodingChallenge/Info.plist;
				LD_RUNPATH_SEARCH_PATHS = "$(inherited) @executable_path/Frameworks";
				PRODUCT_BUNDLE_IDENTIFIER = CodingChallenge.VirtusaPolaris.CodingChallenge;
				PRODUCT_NAME = "$(TARGET_NAME)";
			};
			name = Debug;
		};
		DC8372221E27DCF50094DA4F /* Release */ = {
			isa = XCBuildConfiguration;
			buildSettings = {
				ASSETCATALOG_COMPILER_APPICON_NAME = AppIcon;
				INFOPLIST_FILE = CodingChallenge/Info.plist;
				LD_RUNPATH_SEARCH_PATHS = "$(inherited) @executable_path/Frameworks";
				PRODUCT_BUNDLE_IDENTIFIER = CodingChallenge.VirtusaPolaris.CodingChallenge;
				PRODUCT_NAME = "$(TARGET_NAME)";
			};
			name = Release;
		};
		DC8372241E27DCF50094DA4F /* Debug */ = {
			isa = XCBuildConfiguration;
			buildSettings = {
				BUNDLE_LOADER = "$(TEST_HOST)";
				INFOPLIST_FILE = CodingChallengeTests/Info.plist;
				LD_RUNPATH_SEARCH_PATHS = "$(inherited) @executable_path/Frameworks @loader_path/Frameworks";
				PRODUCT_BUNDLE_IDENTIFIER = CodingChallenge.VirtusaPolaris.CodingChallengeTests;
				PRODUCT_NAME = "$(TARGET_NAME)";
				TEST_HOST = "$(BUILT_PRODUCTS_DIR)/CodingChallenge.app/CodingChallenge";
			};
			name = Debug;
		};
		DC8372251E27DCF50094DA4F /* Release */ = {
			isa = XCBuildConfiguration;
			buildSettings = {
				BUNDLE_LOADER = "$(TEST_HOST)";
				INFOPLIST_FILE = CodingChallengeTests/Info.plist;
				LD_RUNPATH_SEARCH_PATHS = "$(inherited) @executable_path/Frameworks @loader_path/Frameworks";
				PRODUCT_BUNDLE_IDENTIFIER = CodingChallenge.VirtusaPolaris.CodingChallengeTests;
				PRODUCT_NAME = "$(TARGET_NAME)";
				TEST_HOST = "$(BUILT_PRODUCTS_DIR)/CodingChallenge.app/CodingChallenge";
			};
			name = Release;
		};
		DC8372271E27DCF50094DA4F /* Debug */ = {
			isa = XCBuildConfiguration;
			buildSettings = {
				INFOPLIST_FILE = CodingChallengeUITests/Info.plist;
				LD_RUNPATH_SEARCH_PATHS = "$(inherited) @executable_path/Frameworks @loader_path/Frameworks";
				PRODUCT_BUNDLE_IDENTIFIER = CodingChallenge.VirtusaPolaris.CodingChallengeUITests;
				PRODUCT_NAME = "$(TARGET_NAME)";
				TEST_TARGET_NAME = CodingChallenge;
			};
			name = Debug;
		};
		DC8372281E27DCF50094DA4F /* Release */ = {
			isa = XCBuildConfiguration;
			buildSettings = {
				INFOPLIST_FILE = CodingChallengeUITests/Info.plist;
				LD_RUNPATH_SEARCH_PATHS = "$(inherited) @executable_path/Frameworks @loader_path/Frameworks";
				PRODUCT_BUNDLE_IDENTIFIER = CodingChallenge.VirtusaPolaris.CodingChallengeUITests;
				PRODUCT_NAME = "$(TARGET_NAME)";
				TEST_TARGET_NAME = CodingChallenge;
			};
			name = Release;
		};
/* End XCBuildConfiguration section */

/* Begin XCConfigurationList section */
		DC8371EE1E27DCF50094DA4F /* Build configuration list for PBXProject "CodingChallenge" */ = {
			isa = XCConfigurationList;
			buildConfigurations = (
				DC83721E1E27DCF50094DA4F /* Debug */,
				DC83721F1E27DCF50094DA4F /* Release */,
			);
			defaultConfigurationIsVisible = 0;
			defaultConfigurationName = Release;
		};
		DC8372201E27DCF50094DA4F /* Build configuration list for PBXNativeTarget "CodingChallenge" */ = {
			isa = XCConfigurationList;
			buildConfigurations = (
				DC8372211E27DCF50094DA4F /* Debug */,
				DC8372221E27DCF50094DA4F /* Release */,
			);
			defaultConfigurationIsVisible = 0;
			defaultConfigurationName = Release;
		};
		DC8372231E27DCF50094DA4F /* Build configuration list for PBXNativeTarget "CodingChallengeTests" */ = {
			isa = XCConfigurationList;
			buildConfigurations = (
				DC8372241E27DCF50094DA4F /* Debug */,
				DC8372251E27DCF50094DA4F /* Release */,
			);
			defaultConfigurationIsVisible = 0;
			defaultConfigurationName = Release;
		};
		DC8372261E27DCF50094DA4F /* Build configuration list for PBXNativeTarget "CodingChallengeUITests" */ = {
			isa = XCConfigurationList;
			buildConfigurations = (
				DC8372271E27DCF50094DA4F /* Debug */,
				DC8372281E27DCF50094DA4F /* Release */,
			);
			defaultConfigurationIsVisible = 0;
			defaultConfigurationName = Release;
		};
/* End XCConfigurationList section */
	};
	rootObject = DC8371EB1E27DCF50094DA4F /* Project object */;
}
